
Microsoft Visual Studio Solution File, Format Version 12.00
# Visual Studio Version 17
VisualStudioVersion = 17.14.36301.6
MinimumVisualStudioVersion = 10.0.40219.1
Project("{2150E333-8FDC-42A3-9474-1A3956D46DE8}") = "Core", "Core", "{02EA681E-C7D8-13C7-8484-4AC65E1B71E8}"
EndProject
Project("{2150E333-8FDC-42A3-9474-1A3956D46DE8}") = "src", "src", "{536BB676-7063-47B8-8526-8AC09AD52240}"
EndProject
Project("{2150E333-8FDC-42A3-9474-1A3956D46DE8}") = "Infrastructure", "Infrastructure", "{0AAAC299-CDE2-45F3-A23A-D065E0D6ED17}"
EndProject
Project("{2150E333-8FDC-42A3-9474-1A3956D46DE8}") = "Presentation", "Presentation", "{A139B67A-44CC-4B65-9D56-7B3000C1159A}"
EndProject
Project("{2150E333-8FDC-42A3-9474-1A3956D46DE8}") = "Domain", "Domain", "{49345847-0C77-4281-83BD-85C861326983}"
EndProject
Project("{2150E333-8FDC-42A3-9474-1A3956D46DE8}") = "Application", "Application", "{AD87FC73-2A50-466F-8CE5-2FF9E68DB2EE}"
EndProject
Project("{FAE04EC0-301F-11D3-BF4B-00C04F79EFBC}") = "EVR.Application", "EVR.Application\EVR.Application.csproj", "{7B0AFD1A-B5BC-4F33-9094-E7B41B9E1DAB}"
EndProject
Project("{FAE04EC0-301F-11D3-BF4B-00C04F79EFBC}") = "EVR.Domain", "EVR.Domain\EVR.Domain.csproj", "{2FD0DAFF-8E49-4625-8DD7-897A1507BD35}"
EndProject
Project("{FAE04EC0-301F-11D3-BF4B-00C04F79EFBC}") = "EVT.Infrastructure", "EVT.Infrastructure\EVT.Infrastructure.csproj", "{F7E9D484-8FC0-48CC-80F1-1781BCD2BE33}"
EndProject
Project("{FAE04EC0-301F-11D3-BF4B-00C04F79EFBC}") = "EVR.App", "EVR.App\EVR.App.csproj", "{8A618DAD-EE60-4CEB-9EDF-FE720A177F7C}"
EndProject
Global
	GlobalSection(SolutionConfigurationPlatforms) = preSolution
		Debug|Any CPU = Debug|Any CPU
		Release|Any CPU = Release|Any CPU
	EndGlobalSection
	GlobalSection(ProjectConfigurationPlatforms) = postSolution
		{7B0AFD1A-B5BC-4F33-9094-E7B41B9E1DAB}.Debug|Any CPU.ActiveCfg = Debug|Any CPU
		{7B0AFD1A-B5BC-4F33-9094-E7B41B9E1DAB}.Debug|Any CPU.Build.0 = Debug|Any CPU
		{7B0AFD1A-B5BC-4F33-9094-E7B41B9E1DAB}.Release|Any CPU.ActiveCfg = Release|Any CPU
		{7B0AFD1A-B5BC-4F33-9094-E7B41B9E1DAB}.Release|Any CPU.Build.0 = Release|Any CPU
		{2FD0DAFF-8E49-4625-8DD7-897A1507BD35}.Debug|Any CPU.ActiveCfg = Debug|Any CPU
		{2FD0DAFF-8E49-4625-8DD7-897A1507BD35}.Debug|Any CPU.Build.0 = Debug|Any CPU
		{2FD0DAFF-8E49-4625-8DD7-897A1507BD35}.Release|Any CPU.ActiveCfg = Release|Any CPU
		{2FD0DAFF-8E49-4625-8DD7-897A1507BD35}.Release|Any CPU.Build.0 = Release|Any CPU
		{F7E9D484-8FC0-48CC-80F1-1781BCD2BE33}.Debug|Any CPU.ActiveCfg = Debug|Any CPU
		{F7E9D484-8FC0-48CC-80F1-1781BCD2BE33}.Debug|Any CPU.Build.0 = Debug|Any CPU
		{F7E9D484-8FC0-48CC-80F1-1781BCD2BE33}.Release|Any CPU.ActiveCfg = Release|Any CPU
		{F7E9D484-8FC0-48CC-80F1-1781BCD2BE33}.Release|Any CPU.Build.0 = Release|Any CPU
		{8A618DAD-EE60-4CEB-9EDF-FE720A177F7C}.Debug|Any CPU.ActiveCfg = Debug|Any CPU
		{8A618DAD-EE60-4CEB-9EDF-FE720A177F7C}.Debug|Any CPU.Build.0 = Debug|Any CPU
		{8A618DAD-EE60-4CEB-9EDF-FE720A177F7C}.Release|Any CPU.ActiveCfg = Release|Any CPU
		{8A618DAD-EE60-4CEB-9EDF-FE720A177F7C}.Release|Any CPU.Build.0 = Release|Any CPU
	EndGlobalSection
	GlobalSection(SolutionProperties) = preSolution
		HideSolutionNode = FALSE
	EndGlobalSection
	GlobalSection(NestedProjects) = preSolution
		{02EA681E-C7D8-13C7-8484-4AC65E1B71E8} = {536BB676-7063-47B8-8526-8AC09AD52240}
		{0AAAC299-CDE2-45F3-A23A-D065E0D6ED17} = {536BB676-7063-47B8-8526-8AC09AD52240}
		{A139B67A-44CC-4B65-9D56-7B3000C1159A} = {536BB676-7063-47B8-8526-8AC09AD52240}
		{49345847-0C77-4281-83BD-85C861326983} = {02EA681E-C7D8-13C7-8484-4AC65E1B71E8}
		{AD87FC73-2A50-466F-8CE5-2FF9E68DB2EE} = {02EA681E-C7D8-13C7-8484-4AC65E1B71E8}
		{7B0AFD1A-B5BC-4F33-9094-E7B41B9E1DAB} = {AD87FC73-2A50-466F-8CE5-2FF9E68DB2EE}
		{2FD0DAFF-8E49-4625-8DD7-897A1507BD35} = {49345847-0C77-4281-83BD-85C861326983}
		{F7E9D484-8FC0-48CC-80F1-1781BCD2BE33} = {0AAAC299-CDE2-45F3-A23A-D065E0D6ED17}
		{8A618DAD-EE60-4CEB-9EDF-FE720A177F7C} = {A139B67A-44CC-4B65-9D56-7B3000C1159A}
	EndGlobalSection
	GlobalSection(ExtensibilityGlobals) = postSolution
		SolutionGuid = {E293A86A-3D56-4F2B-831C-9D642DF8C82C}
	EndGlobalSection
EndGlobal
